
Microsoft Visual Studio Solution File, Format Version 12.00
# Visual Studio 14
VisualStudioVersion = 14.0.24720.0
MinimumVisualStudioVersion = 10.0.40219.1
Project("{FAE04EC0-301F-11D3-BF4B-00C04F79EFBC}") = "CharityMarathon", "CharityMarathon\CharityMarathon.csproj", "{9461F8D0-2494-402D-830D-3B974FA12525}"
EndProject
Project("{FAE04EC0-301F-11D3-BF4B-00C04F79EFBC}") = "LadyBugs", "LadyBugs\LadyBugs.csproj", "{372627FB-037E-460D-B989-095AD1E4D57B}"
EndProject
Global
	GlobalSection(SolutionConfigurationPlatforms) = preSolution
		Debug|Any CPU = Debug|Any CPU
		Release|Any CPU = Release|Any CPU
	EndGlobalSection
	GlobalSection(ProjectConfigurationPlatforms) = postSolution
		{9461F8D0-2494-402D-830D-3B974FA12525}.Debug|Any CPU.ActiveCfg = Debug|Any CPU
		{9461F8D0-2494-402D-830D-3B974FA12525}.Debug|Any CPU.Build.0 = Debug|Any CPU
		{9461F8D0-2494-402D-830D-3B974FA12525}.Release|Any CPU.ActiveCfg = Release|Any CPU
		{9461F8D0-2494-402D-830D-3B974FA12525}.Release|Any CPU.Build.0 = Release|Any CPU
		{372627FB-037E-460D-B989-095AD1E4D57B}.Debug|Any CPU.ActiveCfg = Debug|Any CPU
		{372627FB-037E-460D-B989-095AD1E4D57B}.Debug|Any CPU.Build.0 = Debug|Any CPU
		{372627FB-037E-460D-B989-095AD1E4D57B}.Release|Any CPU.ActiveCfg = Release|Any CPU
		{372627FB-037E-460D-B989-095AD1E4D57B}.Release|Any CPU.Build.0 = Release|Any CPU
	EndGlobalSection
	GlobalSection(SolutionProperties) = preSolution
		HideSolutionNode = FALSE
	EndGlobalSection
EndGlobal
