
Microsoft Visual Studio Solution File, Format Version 12.00
# Visual Studio 14
VisualStudioVersion = 14.0.25420.1
MinimumVisualStudioVersion = 10.0.40219.1
Project("{FAE04EC0-301F-11D3-BF4B-00C04F79EFBC}") = "WhichFitWhere", "WhichFitWhere\WhichFitWhere.csproj", "{596C68CE-30DE-4D25-A52C-716ACB774E5D}"
EndProject
Project("{FAE04EC0-301F-11D3-BF4B-00C04F79EFBC}") = "FloatingPointExercise", "FloatingPointExercise\FloatingPointExercise.csproj", "{84A131A2-CF3F-4666-B099-ECE5B7558627}"
EndProject
Project("{FAE04EC0-301F-11D3-BF4B-00C04F79EFBC}") = "TextVariables", "TextVariables\TextVariables.csproj", "{8BB26C98-00D0-42E4-A883-2EC1344F4194}"
EndProject
Project("{FAE04EC0-301F-11D3-BF4B-00C04F79EFBC}") = "HexToDecimal", "HexToDecimal\HexToDecimal.csproj", "{F60DFDCE-317F-4C7D-93C1-3AF54429D11C}"
EndProject
Project("{FAE04EC0-301F-11D3-BF4B-00C04F79EFBC}") = "BooleanToWords", "BooleanToWords\BooleanToWords.csproj", "{8F5F31E4-4A8C-4461-9F82-74F7580FCC5E}"
EndProject
Project("{FAE04EC0-301F-11D3-BF4B-00C04F79EFBC}") = "StringsAndObjects", "StringsAndObjects\StringsAndObjects.csproj", "{C6589163-3ED0-4E64-9C6E-0F448F4BB0A2}"
EndProject
Project("{FAE04EC0-301F-11D3-BF4B-00C04F79EFBC}") = "NumbersExchange", "NumbersExchange\NumbersExchange.csproj", "{494322A1-C251-455A-ACE2-B87229FB0F31}"
EndProject
Project("{FAE04EC0-301F-11D3-BF4B-00C04F79EFBC}") = "EmployeeData", "EmployeeData\EmployeeData.csproj", "{D5D33C79-4DF2-47D6-8438-4F2080488D24}"
EndProject
Project("{FAE04EC0-301F-11D3-BF4B-00C04F79EFBC}") = "ReverseLetters", "ReverseLetters\ReverseLetters.csproj", "{7CEFB6BF-5F08-4770-A585-E364D74A606D}"
EndProject
Project("{FAE04EC0-301F-11D3-BF4B-00C04F79EFBC}") = "CenturiesToMinutesNew", "CenturiesToMinutesNew\CenturiesToMinutesNew.csproj", "{8E6666E2-B590-4FC3-9410-5FD2711C5E8C}"
EndProject
Project("{FAE04EC0-301F-11D3-BF4B-00C04F79EFBC}") = "DifferentSpeed", "DifferentSpeed\DifferentSpeed.csproj", "{DC4C654E-60A0-4741-906B-5C6D88F10A09}"
EndProject
Project("{FAE04EC0-301F-11D3-BF4B-00C04F79EFBC}") = "RectangularProperties", "RectangularProperties\RectangularProperties.csproj", "{4CDA27B6-09C7-435C-913E-C333B34101A9}"
EndProject
Project("{FAE04EC0-301F-11D3-BF4B-00C04F79EFBC}") = "VowelOrDigit", "VowelOrDigit\VowelOrDigit.csproj", "{58D24DAD-806E-4A71-B6CF-E25BD3C8E5DE}"
EndProject
Project("{FAE04EC0-301F-11D3-BF4B-00C04F79EFBC}") = "NumToHexAndBinary", "NumToHexAndBinary\NumToHexAndBinary.csproj", "{6DA6CD9C-3FF5-4DCB-97D2-1C38FE17AFD4}"
EndProject
Project("{FAE04EC0-301F-11D3-BF4B-00C04F79EFBC}") = "PrimeNumRefractor", "PrimeNumRefractor\PrimeNumRefractor.csproj", "{CB944E9F-B99C-4417-976B-FAEDD7A34971}"
EndProject
Project("{FAE04EC0-301F-11D3-BF4B-00C04F79EFBC}") = "ComparingFloats", "ComparingFloats\ComparingFloats.csproj", "{DC0F15D9-E438-48BD-B8CF-02EE08FE6712}"
EndProject
Project("{FAE04EC0-301F-11D3-BF4B-00C04F79EFBC}") = "ASCIITable", "ASCIITable\ASCIITable.csproj", "{3B76E556-0F26-4F53-81E4-81B3781636E9}"
EndProject
Project("{FAE04EC0-301F-11D3-BF4B-00C04F79EFBC}") = "NumbsCastingIntoTypes", "NumbsCastingIntoTypes\NumbsCastingIntoTypes.csproj", "{B8ACD7D0-C7AB-4B84-97EC-3EC7C37E8F99}"
EndProject
Project("{FAE04EC0-301F-11D3-BF4B-00C04F79EFBC}") = "TheaThePhotographer", "TheaThePhotographer\TheaThePhotographer.csproj", "{E57E8318-914C-435B-93BB-C8B060C98D7C}"
EndProject
Global
	GlobalSection(SolutionConfigurationPlatforms) = preSolution
		Debug|Any CPU = Debug|Any CPU
		Release|Any CPU = Release|Any CPU
	EndGlobalSection
	GlobalSection(ProjectConfigurationPlatforms) = postSolution
		{596C68CE-30DE-4D25-A52C-716ACB774E5D}.Debug|Any CPU.ActiveCfg = Debug|Any CPU
		{596C68CE-30DE-4D25-A52C-716ACB774E5D}.Debug|Any CPU.Build.0 = Debug|Any CPU
		{596C68CE-30DE-4D25-A52C-716ACB774E5D}.Release|Any CPU.ActiveCfg = Release|Any CPU
		{596C68CE-30DE-4D25-A52C-716ACB774E5D}.Release|Any CPU.Build.0 = Release|Any CPU
		{84A131A2-CF3F-4666-B099-ECE5B7558627}.Debug|Any CPU.ActiveCfg = Debug|Any CPU
		{84A131A2-CF3F-4666-B099-ECE5B7558627}.Debug|Any CPU.Build.0 = Debug|Any CPU
		{84A131A2-CF3F-4666-B099-ECE5B7558627}.Release|Any CPU.ActiveCfg = Release|Any CPU
		{84A131A2-CF3F-4666-B099-ECE5B7558627}.Release|Any CPU.Build.0 = Release|Any CPU
		{8BB26C98-00D0-42E4-A883-2EC1344F4194}.Debug|Any CPU.ActiveCfg = Debug|Any CPU
		{8BB26C98-00D0-42E4-A883-2EC1344F4194}.Debug|Any CPU.Build.0 = Debug|Any CPU
		{8BB26C98-00D0-42E4-A883-2EC1344F4194}.Release|Any CPU.ActiveCfg = Release|Any CPU
		{8BB26C98-00D0-42E4-A883-2EC1344F4194}.Release|Any CPU.Build.0 = Release|Any CPU
		{F60DFDCE-317F-4C7D-93C1-3AF54429D11C}.Debug|Any CPU.ActiveCfg = Debug|Any CPU
		{F60DFDCE-317F-4C7D-93C1-3AF54429D11C}.Debug|Any CPU.Build.0 = Debug|Any CPU
		{F60DFDCE-317F-4C7D-93C1-3AF54429D11C}.Release|Any CPU.ActiveCfg = Release|Any CPU
		{F60DFDCE-317F-4C7D-93C1-3AF54429D11C}.Release|Any CPU.Build.0 = Release|Any CPU
		{8F5F31E4-4A8C-4461-9F82-74F7580FCC5E}.Debug|Any CPU.ActiveCfg = Debug|Any CPU
		{8F5F31E4-4A8C-4461-9F82-74F7580FCC5E}.Debug|Any CPU.Build.0 = Debug|Any CPU
		{8F5F31E4-4A8C-4461-9F82-74F7580FCC5E}.Release|Any CPU.ActiveCfg = Release|Any CPU
		{8F5F31E4-4A8C-4461-9F82-74F7580FCC5E}.Release|Any CPU.Build.0 = Release|Any CPU
		{C6589163-3ED0-4E64-9C6E-0F448F4BB0A2}.Debug|Any CPU.ActiveCfg = Debug|Any CPU
		{C6589163-3ED0-4E64-9C6E-0F448F4BB0A2}.Debug|Any CPU.Build.0 = Debug|Any CPU
		{C6589163-3ED0-4E64-9C6E-0F448F4BB0A2}.Release|Any CPU.ActiveCfg = Release|Any CPU
		{C6589163-3ED0-4E64-9C6E-0F448F4BB0A2}.Release|Any CPU.Build.0 = Release|Any CPU
		{494322A1-C251-455A-ACE2-B87229FB0F31}.Debug|Any CPU.ActiveCfg = Debug|Any CPU
		{494322A1-C251-455A-ACE2-B87229FB0F31}.Debug|Any CPU.Build.0 = Debug|Any CPU
		{494322A1-C251-455A-ACE2-B87229FB0F31}.Release|Any CPU.ActiveCfg = Release|Any CPU
		{494322A1-C251-455A-ACE2-B87229FB0F31}.Release|Any CPU.Build.0 = Release|Any CPU
		{D5D33C79-4DF2-47D6-8438-4F2080488D24}.Debug|Any CPU.ActiveCfg = Debug|Any CPU
		{D5D33C79-4DF2-47D6-8438-4F2080488D24}.Debug|Any CPU.Build.0 = Debug|Any CPU
		{D5D33C79-4DF2-47D6-8438-4F2080488D24}.Release|Any CPU.ActiveCfg = Release|Any CPU
		{D5D33C79-4DF2-47D6-8438-4F2080488D24}.Release|Any CPU.Build.0 = Release|Any CPU
		{7CEFB6BF-5F08-4770-A585-E364D74A606D}.Debug|Any CPU.ActiveCfg = Debug|Any CPU
		{7CEFB6BF-5F08-4770-A585-E364D74A606D}.Debug|Any CPU.Build.0 = Debug|Any CPU
		{7CEFB6BF-5F08-4770-A585-E364D74A606D}.Release|Any CPU.ActiveCfg = Release|Any CPU
		{7CEFB6BF-5F08-4770-A585-E364D74A606D}.Release|Any CPU.Build.0 = Release|Any CPU
		{8E6666E2-B590-4FC3-9410-5FD2711C5E8C}.Debug|Any CPU.ActiveCfg = Debug|Any CPU
		{8E6666E2-B590-4FC3-9410-5FD2711C5E8C}.Debug|Any CPU.Build.0 = Debug|Any CPU
		{8E6666E2-B590-4FC3-9410-5FD2711C5E8C}.Release|Any CPU.ActiveCfg = Release|Any CPU
		{8E6666E2-B590-4FC3-9410-5FD2711C5E8C}.Release|Any CPU.Build.0 = Release|Any CPU
		{DC4C654E-60A0-4741-906B-5C6D88F10A09}.Debug|Any CPU.ActiveCfg = Debug|Any CPU
		{DC4C654E-60A0-4741-906B-5C6D88F10A09}.Debug|Any CPU.Build.0 = Debug|Any CPU
		{DC4C654E-60A0-4741-906B-5C6D88F10A09}.Release|Any CPU.ActiveCfg = Release|Any CPU
		{DC4C654E-60A0-4741-906B-5C6D88F10A09}.Release|Any CPU.Build.0 = Release|Any CPU
		{4CDA27B6-09C7-435C-913E-C333B34101A9}.Debug|Any CPU.ActiveCfg = Debug|Any CPU
		{4CDA27B6-09C7-435C-913E-C333B34101A9}.Debug|Any CPU.Build.0 = Debug|Any CPU
		{4CDA27B6-09C7-435C-913E-C333B34101A9}.Release|Any CPU.ActiveCfg = Release|Any CPU
		{4CDA27B6-09C7-435C-913E-C333B34101A9}.Release|Any CPU.Build.0 = Release|Any CPU
		{58D24DAD-806E-4A71-B6CF-E25BD3C8E5DE}.Debug|Any CPU.ActiveCfg = Debug|Any CPU
		{58D24DAD-806E-4A71-B6CF-E25BD3C8E5DE}.Debug|Any CPU.Build.0 = Debug|Any CPU
		{58D24DAD-806E-4A71-B6CF-E25BD3C8E5DE}.Release|Any CPU.ActiveCfg = Release|Any CPU
		{58D24DAD-806E-4A71-B6CF-E25BD3C8E5DE}.Release|Any CPU.Build.0 = Release|Any CPU
		{6DA6CD9C-3FF5-4DCB-97D2-1C38FE17AFD4}.Debug|Any CPU.ActiveCfg = Debug|Any CPU
		{6DA6CD9C-3FF5-4DCB-97D2-1C38FE17AFD4}.Debug|Any CPU.Build.0 = Debug|Any CPU
		{6DA6CD9C-3FF5-4DCB-97D2-1C38FE17AFD4}.Release|Any CPU.ActiveCfg = Release|Any CPU
		{6DA6CD9C-3FF5-4DCB-97D2-1C38FE17AFD4}.Release|Any CPU.Build.0 = Release|Any CPU
		{CB944E9F-B99C-4417-976B-FAEDD7A34971}.Debug|Any CPU.ActiveCfg = Debug|Any CPU
		{CB944E9F-B99C-4417-976B-FAEDD7A34971}.Debug|Any CPU.Build.0 = Debug|Any CPU
		{CB944E9F-B99C-4417-976B-FAEDD7A34971}.Release|Any CPU.ActiveCfg = Release|Any CPU
		{CB944E9F-B99C-4417-976B-FAEDD7A34971}.Release|Any CPU.Build.0 = Release|Any CPU
		{DC0F15D9-E438-48BD-B8CF-02EE08FE6712}.Debug|Any CPU.ActiveCfg = Debug|Any CPU
		{DC0F15D9-E438-48BD-B8CF-02EE08FE6712}.Debug|Any CPU.Build.0 = Debug|Any CPU
		{DC0F15D9-E438-48BD-B8CF-02EE08FE6712}.Release|Any CPU.ActiveCfg = Release|Any CPU
		{DC0F15D9-E438-48BD-B8CF-02EE08FE6712}.Release|Any CPU.Build.0 = Release|Any CPU
		{3B76E556-0F26-4F53-81E4-81B3781636E9}.Debug|Any CPU.ActiveCfg = Debug|Any CPU
		{3B76E556-0F26-4F53-81E4-81B3781636E9}.Debug|Any CPU.Build.0 = Debug|Any CPU
		{3B76E556-0F26-4F53-81E4-81B3781636E9}.Release|Any CPU.ActiveCfg = Release|Any CPU
		{3B76E556-0F26-4F53-81E4-81B3781636E9}.Release|Any CPU.Build.0 = Release|Any CPU
		{B8ACD7D0-C7AB-4B84-97EC-3EC7C37E8F99}.Debug|Any CPU.ActiveCfg = Debug|Any CPU
		{B8ACD7D0-C7AB-4B84-97EC-3EC7C37E8F99}.Debug|Any CPU.Build.0 = Debug|Any CPU
		{B8ACD7D0-C7AB-4B84-97EC-3EC7C37E8F99}.Release|Any CPU.ActiveCfg = Release|Any CPU
		{B8ACD7D0-C7AB-4B84-97EC-3EC7C37E8F99}.Release|Any CPU.Build.0 = Release|Any CPU
		{E57E8318-914C-435B-93BB-C8B060C98D7C}.Debug|Any CPU.ActiveCfg = Debug|Any CPU
		{E57E8318-914C-435B-93BB-C8B060C98D7C}.Debug|Any CPU.Build.0 = Debug|Any CPU
		{E57E8318-914C-435B-93BB-C8B060C98D7C}.Release|Any CPU.ActiveCfg = Release|Any CPU
		{E57E8318-914C-435B-93BB-C8B060C98D7C}.Release|Any CPU.Build.0 = Release|Any CPU
	EndGlobalSection
	GlobalSection(SolutionProperties) = preSolution
		HideSolutionNode = FALSE
	EndGlobalSection
EndGlobal
