
Microsoft Visual Studio Solution File, Format Version 12.00
# Visual Studio 14
VisualStudioVersion = 14.0.24720.0
MinimumVisualStudioVersion = 10.0.40219.1
Project("{FAE04EC0-301F-11D3-BF4B-00C04F79EFBC}") = "HelloName", "HelloName\HelloName.csproj", "{1B412507-410B-4796-A326-A3E2F5DAE8FA}"
EndProject
Project("{FAE04EC0-301F-11D3-BF4B-00C04F79EFBC}") = "MaxMethod", "MaxMethod\MaxMethod.csproj", "{A494D215-7608-4FA4-B9E1-AC2707938B0D}"
EndProject
Project("{FAE04EC0-301F-11D3-BF4B-00C04F79EFBC}") = "EnglishNameOfLastDigit", "EnglishNameOfLastDigit\EnglishNameOfLastDigit.csproj", "{AE9DC518-940C-4229-9A87-2D6826C0B88B}"
EndProject
Project("{FAE04EC0-301F-11D3-BF4B-00C04F79EFBC}") = "NumbersInReverseOrder", "NumbersInReverseOrder\NumbersInReverseOrder.csproj", "{858C2812-D192-47D0-BD36-2A6F1ED46101}"
EndProject
Project("{FAE04EC0-301F-11D3-BF4B-00C04F79EFBC}") = "FibonacciNums", "FibonacciNums\FibonacciNums.csproj", "{5AB9A6B0-B9AA-4137-95A7-D46A97BF0CC3}"
EndProject
Project("{FAE04EC0-301F-11D3-BF4B-00C04F79EFBC}") = "PrimeChecker", "PrimeChecker\PrimeChecker.csproj", "{5062ED9A-FEC8-49BA-AF8E-F526B48DFB40}"
EndProject
Project("{FAE04EC0-301F-11D3-BF4B-00C04F79EFBC}") = "PrimesInRange", "PrimesInRange\PrimesInRange.csproj", "{EFB0A40D-4CA0-43CC-8F1C-184FB57C2E33}"
EndProject
Project("{FAE04EC0-301F-11D3-BF4B-00C04F79EFBC}") = "CentralPoint", "CentralPoint\CentralPoint.csproj", "{02A0EFEA-DF5B-4EE3-BC8F-4990D3380396}"
EndProject
Project("{FAE04EC0-301F-11D3-BF4B-00C04F79EFBC}") = "LongerLine", "LongerLine\LongerLine.csproj", "{5562E2D6-7991-4D9B-8526-5D42E6D37335}"
EndProject
Project("{FAE04EC0-301F-11D3-BF4B-00C04F79EFBC}") = "CubeProperties", "CubeProperties\CubeProperties.csproj", "{34E72420-0AD6-4300-B158-EA5E1B893C91}"
EndProject
Project("{FAE04EC0-301F-11D3-BF4B-00C04F79EFBC}") = "GeometryCalculator", "GeometryCalculator\GeometryCalculator.csproj", "{D68FF458-CFF6-49D6-A576-1AA9706F6CF5}"
EndProject
Project("{FAE04EC0-301F-11D3-BF4B-00C04F79EFBC}") = "MasterNum", "MasterNum\MasterNum.csproj", "{0695EFD6-8078-4B75-A930-1CCA979FC294}"
EndProject
Project("{FAE04EC0-301F-11D3-BF4B-00C04F79EFBC}") = "FactorialTrailingZeros", "FactorialTrailingZeros\FactorialTrailingZeros.csproj", "{4A162378-0825-407F-ACD7-6AEC4C901A13}"
EndProject
Project("{FAE04EC0-301F-11D3-BF4B-00C04F79EFBC}") = "Factorials", "Factorial\Factorials.csproj", "{B1E39A2A-A171-4343-8782-3063B7715236}"
EndProject
Project("{FAE04EC0-301F-11D3-BF4B-00C04F79EFBC}") = "Substring", "Substring\Substring.csproj", "{5CF6F435-C9FC-460C-B8B9-979A1F454BE7}"
EndProject
Project("{FAE04EC0-301F-11D3-BF4B-00C04F79EFBC}") = "BePositve", "BePositve\BePositve.csproj", "{18384E22-C1BC-46CB-9CD3-0A8B7A7C18E4}"
EndProject
Project("{FAE04EC0-301F-11D3-BF4B-00C04F79EFBC}") = "InstructionSet", "InstructionSet\InstructionSet.csproj", "{DD042659-39A1-4C4C-9F29-D7575CDAF3BD}"
EndProject
Project("{FAE04EC0-301F-11D3-BF4B-00C04F79EFBC}") = "SequenceOfCommands", "SequenceOfCommands\SequenceOfCommands.csproj", "{34BA70AE-B63D-420B-933B-2AF6784EB6CC}"
EndProject
Global
	GlobalSection(SolutionConfigurationPlatforms) = preSolution
		Debug|Any CPU = Debug|Any CPU
		Release|Any CPU = Release|Any CPU
	EndGlobalSection
	GlobalSection(ProjectConfigurationPlatforms) = postSolution
		{1B412507-410B-4796-A326-A3E2F5DAE8FA}.Debug|Any CPU.ActiveCfg = Debug|Any CPU
		{1B412507-410B-4796-A326-A3E2F5DAE8FA}.Debug|Any CPU.Build.0 = Debug|Any CPU
		{1B412507-410B-4796-A326-A3E2F5DAE8FA}.Release|Any CPU.ActiveCfg = Release|Any CPU
		{1B412507-410B-4796-A326-A3E2F5DAE8FA}.Release|Any CPU.Build.0 = Release|Any CPU
		{A494D215-7608-4FA4-B9E1-AC2707938B0D}.Debug|Any CPU.ActiveCfg = Debug|Any CPU
		{A494D215-7608-4FA4-B9E1-AC2707938B0D}.Debug|Any CPU.Build.0 = Debug|Any CPU
		{A494D215-7608-4FA4-B9E1-AC2707938B0D}.Release|Any CPU.ActiveCfg = Release|Any CPU
		{A494D215-7608-4FA4-B9E1-AC2707938B0D}.Release|Any CPU.Build.0 = Release|Any CPU
		{AE9DC518-940C-4229-9A87-2D6826C0B88B}.Debug|Any CPU.ActiveCfg = Debug|Any CPU
		{AE9DC518-940C-4229-9A87-2D6826C0B88B}.Debug|Any CPU.Build.0 = Debug|Any CPU
		{AE9DC518-940C-4229-9A87-2D6826C0B88B}.Release|Any CPU.ActiveCfg = Release|Any CPU
		{AE9DC518-940C-4229-9A87-2D6826C0B88B}.Release|Any CPU.Build.0 = Release|Any CPU
		{858C2812-D192-47D0-BD36-2A6F1ED46101}.Debug|Any CPU.ActiveCfg = Debug|Any CPU
		{858C2812-D192-47D0-BD36-2A6F1ED46101}.Debug|Any CPU.Build.0 = Debug|Any CPU
		{858C2812-D192-47D0-BD36-2A6F1ED46101}.Release|Any CPU.ActiveCfg = Release|Any CPU
		{858C2812-D192-47D0-BD36-2A6F1ED46101}.Release|Any CPU.Build.0 = Release|Any CPU
		{5AB9A6B0-B9AA-4137-95A7-D46A97BF0CC3}.Debug|Any CPU.ActiveCfg = Debug|Any CPU
		{5AB9A6B0-B9AA-4137-95A7-D46A97BF0CC3}.Debug|Any CPU.Build.0 = Debug|Any CPU
		{5AB9A6B0-B9AA-4137-95A7-D46A97BF0CC3}.Release|Any CPU.ActiveCfg = Release|Any CPU
		{5AB9A6B0-B9AA-4137-95A7-D46A97BF0CC3}.Release|Any CPU.Build.0 = Release|Any CPU
		{5062ED9A-FEC8-49BA-AF8E-F526B48DFB40}.Debug|Any CPU.ActiveCfg = Debug|Any CPU
		{5062ED9A-FEC8-49BA-AF8E-F526B48DFB40}.Debug|Any CPU.Build.0 = Debug|Any CPU
		{5062ED9A-FEC8-49BA-AF8E-F526B48DFB40}.Release|Any CPU.ActiveCfg = Release|Any CPU
		{5062ED9A-FEC8-49BA-AF8E-F526B48DFB40}.Release|Any CPU.Build.0 = Release|Any CPU
		{EFB0A40D-4CA0-43CC-8F1C-184FB57C2E33}.Debug|Any CPU.ActiveCfg = Debug|Any CPU
		{EFB0A40D-4CA0-43CC-8F1C-184FB57C2E33}.Debug|Any CPU.Build.0 = Debug|Any CPU
		{EFB0A40D-4CA0-43CC-8F1C-184FB57C2E33}.Release|Any CPU.ActiveCfg = Release|Any CPU
		{EFB0A40D-4CA0-43CC-8F1C-184FB57C2E33}.Release|Any CPU.Build.0 = Release|Any CPU
		{02A0EFEA-DF5B-4EE3-BC8F-4990D3380396}.Debug|Any CPU.ActiveCfg = Debug|Any CPU
		{02A0EFEA-DF5B-4EE3-BC8F-4990D3380396}.Debug|Any CPU.Build.0 = Debug|Any CPU
		{02A0EFEA-DF5B-4EE3-BC8F-4990D3380396}.Release|Any CPU.ActiveCfg = Release|Any CPU
		{02A0EFEA-DF5B-4EE3-BC8F-4990D3380396}.Release|Any CPU.Build.0 = Release|Any CPU
		{5562E2D6-7991-4D9B-8526-5D42E6D37335}.Debug|Any CPU.ActiveCfg = Debug|Any CPU
		{5562E2D6-7991-4D9B-8526-5D42E6D37335}.Debug|Any CPU.Build.0 = Debug|Any CPU
		{5562E2D6-7991-4D9B-8526-5D42E6D37335}.Release|Any CPU.ActiveCfg = Release|Any CPU
		{5562E2D6-7991-4D9B-8526-5D42E6D37335}.Release|Any CPU.Build.0 = Release|Any CPU
		{34E72420-0AD6-4300-B158-EA5E1B893C91}.Debug|Any CPU.ActiveCfg = Debug|Any CPU
		{34E72420-0AD6-4300-B158-EA5E1B893C91}.Debug|Any CPU.Build.0 = Debug|Any CPU
		{34E72420-0AD6-4300-B158-EA5E1B893C91}.Release|Any CPU.ActiveCfg = Release|Any CPU
		{34E72420-0AD6-4300-B158-EA5E1B893C91}.Release|Any CPU.Build.0 = Release|Any CPU
		{D68FF458-CFF6-49D6-A576-1AA9706F6CF5}.Debug|Any CPU.ActiveCfg = Debug|Any CPU
		{D68FF458-CFF6-49D6-A576-1AA9706F6CF5}.Debug|Any CPU.Build.0 = Debug|Any CPU
		{D68FF458-CFF6-49D6-A576-1AA9706F6CF5}.Release|Any CPU.ActiveCfg = Release|Any CPU
		{D68FF458-CFF6-49D6-A576-1AA9706F6CF5}.Release|Any CPU.Build.0 = Release|Any CPU
		{0695EFD6-8078-4B75-A930-1CCA979FC294}.Debug|Any CPU.ActiveCfg = Debug|Any CPU
		{0695EFD6-8078-4B75-A930-1CCA979FC294}.Debug|Any CPU.Build.0 = Debug|Any CPU
		{0695EFD6-8078-4B75-A930-1CCA979FC294}.Release|Any CPU.ActiveCfg = Release|Any CPU
		{0695EFD6-8078-4B75-A930-1CCA979FC294}.Release|Any CPU.Build.0 = Release|Any CPU
		{4A162378-0825-407F-ACD7-6AEC4C901A13}.Debug|Any CPU.ActiveCfg = Debug|Any CPU
		{4A162378-0825-407F-ACD7-6AEC4C901A13}.Debug|Any CPU.Build.0 = Debug|Any CPU
		{4A162378-0825-407F-ACD7-6AEC4C901A13}.Release|Any CPU.ActiveCfg = Release|Any CPU
		{4A162378-0825-407F-ACD7-6AEC4C901A13}.Release|Any CPU.Build.0 = Release|Any CPU
		{B1E39A2A-A171-4343-8782-3063B7715236}.Debug|Any CPU.ActiveCfg = Debug|Any CPU
		{B1E39A2A-A171-4343-8782-3063B7715236}.Debug|Any CPU.Build.0 = Debug|Any CPU
		{B1E39A2A-A171-4343-8782-3063B7715236}.Release|Any CPU.ActiveCfg = Release|Any CPU
		{B1E39A2A-A171-4343-8782-3063B7715236}.Release|Any CPU.Build.0 = Release|Any CPU
		{5CF6F435-C9FC-460C-B8B9-979A1F454BE7}.Debug|Any CPU.ActiveCfg = Debug|Any CPU
		{5CF6F435-C9FC-460C-B8B9-979A1F454BE7}.Debug|Any CPU.Build.0 = Debug|Any CPU
		{5CF6F435-C9FC-460C-B8B9-979A1F454BE7}.Release|Any CPU.ActiveCfg = Release|Any CPU
		{5CF6F435-C9FC-460C-B8B9-979A1F454BE7}.Release|Any CPU.Build.0 = Release|Any CPU
		{18384E22-C1BC-46CB-9CD3-0A8B7A7C18E4}.Debug|Any CPU.ActiveCfg = Debug|Any CPU
		{18384E22-C1BC-46CB-9CD3-0A8B7A7C18E4}.Debug|Any CPU.Build.0 = Debug|Any CPU
		{18384E22-C1BC-46CB-9CD3-0A8B7A7C18E4}.Release|Any CPU.ActiveCfg = Release|Any CPU
		{18384E22-C1BC-46CB-9CD3-0A8B7A7C18E4}.Release|Any CPU.Build.0 = Release|Any CPU
		{DD042659-39A1-4C4C-9F29-D7575CDAF3BD}.Debug|Any CPU.ActiveCfg = Debug|Any CPU
		{DD042659-39A1-4C4C-9F29-D7575CDAF3BD}.Debug|Any CPU.Build.0 = Debug|Any CPU
		{DD042659-39A1-4C4C-9F29-D7575CDAF3BD}.Release|Any CPU.ActiveCfg = Release|Any CPU
		{DD042659-39A1-4C4C-9F29-D7575CDAF3BD}.Release|Any CPU.Build.0 = Release|Any CPU
		{34BA70AE-B63D-420B-933B-2AF6784EB6CC}.Debug|Any CPU.ActiveCfg = Debug|Any CPU
		{34BA70AE-B63D-420B-933B-2AF6784EB6CC}.Debug|Any CPU.Build.0 = Debug|Any CPU
		{34BA70AE-B63D-420B-933B-2AF6784EB6CC}.Release|Any CPU.ActiveCfg = Release|Any CPU
		{34BA70AE-B63D-420B-933B-2AF6784EB6CC}.Release|Any CPU.Build.0 = Release|Any CPU
	EndGlobalSection
	GlobalSection(SolutionProperties) = preSolution
		HideSolutionNode = FALSE
	EndGlobalSection
EndGlobal
